{
    "name": "bobril-g11n",
    "version": "4.2.0",
    "lockfileVersion": 1,
    "requires": true,
    "dependencies": {
        "bobril": {
            "version": "8.4.1",
            "resolved": "https://registry.npmjs.org/bobril/-/bobril-8.4.1.tgz",
            "integrity": "sha512-nDIepT+wCP4M6GbzxC7wJa9ws+4xJYjyvWDddkBQw1g1y8UNEbO245LyI1/v9x4Va9CKKbc0YbecqDIV7nqotg==",
            "dev": true
        },
        "moment": {
            "version": "2.20.1",
            "resolved": "https://registry.npmjs.org/moment/-/moment-2.20.1.tgz",
            "integrity": "sha512-Yh9y73JRljxW5QxN08Fner68eFLxM5ynNOAw2LbIB1YAGeQzZT8QFSUvkAz609Zf+IHhhaUxqZK8dG3W/+HEvg=="
        }
    }
}
