# THIS IS AN AUTOGENERATED FILE. DO NOT EDIT THIS FILE DIRECTLY.
# yarn lockfile v1


bobril@*:
  version "14.0.1"
  resolved "https://registry.yarnpkg.com/bobril/-/bobril-14.0.1.tgz#06e242557a8da3aaae192fe3c2bfb86f49534921"
  integrity sha512-BYWJHmI5eMdvvbMhvEO/hd9Qfd6WFgwJjs3QSWP7UDkNszNqhvqwctRQQTx6j/Zh1x/gWRPeIWPcR6jxmOsW+w==

moment@^2.10.6:
  version "2.24.0"
  resolved "https://registry.yarnpkg.com/moment/-/moment-2.24.0.tgz#0d055d53f5052aa653c9f6eb68bb5d12bf5c2b5b"
  integrity sha512-bV7f+6l2QigeBBZSM/6yTNq4P2fNpSWj/0e7jQcy87A8e7o2nAfP/34/2ky5Vw4B9S446EtIhodAzkFCcR4dQg==

typescript@*:
  version "3.7.3"
  resolved "https://registry.yarnpkg.com/typescript/-/typescript-3.7.3.tgz#b36840668a16458a7025b9eabfad11b66ab85c69"
  integrity sha512-Mcr/Qk7hXqFBXMN7p7Lusj1ktCBydylfQM/FZCk5glCNQJrCUKPkMHdo9R0MTFWsC/4kPFvDS0fDPvukfCkFsw==
