# THIS IS AN AUTOGENERATED FILE. DO NOT EDIT THIS FILE DIRECTLY.
# yarn lockfile v1


bobril@*:
  version "5.5.0"
  resolved "https://registry.yarnpkg.com/bobril/-/bobril-5.5.0.tgz#366cd6baf2c2b9d342bc738b4e7e5f6b50d8138e"

moment@^2.10.6:
  version "2.18.1"
  resolved "https://registry.yarnpkg.com/moment/-/moment-2.18.1.tgz#c36193dd3ce1c2eed2adb7c802dbbc77a81b1c0f"
